
Microsoft Visual Studio Solution File, Format Version 12.00
# Visual Studio Version 16
VisualStudioVersion = 16.0.30611.23
MinimumVisualStudioVersion = 10.0.40219.1
Project("{FAE04EC0-301F-11D3-BF4B-00C04F79EFBC}") = "DrawTriangle", "DrawTriangle\DrawTriangle.csproj", "{0264A7AA-A39D-4DEF-A52D-24C15BAB177E}"
EndProject
Global
	GlobalSection(SolutionConfigurationPlatforms) = preSolution
		Debug|Any CPU = Debug|Any CPU
		Release|Any CPU = Release|Any CPU
	EndGlobalSection
	GlobalSection(ProjectConfigurationPlatforms) = postSolution
		{0264A7AA-A39D-4DEF-A52D-24C15BAB177E}.Debug|Any CPU.ActiveCfg = Debug|Any CPU
		{0264A7AA-A39D-4DEF-A52D-24C15BAB177E}.Debug|Any CPU.Build.0 = Debug|Any CPU
		{0264A7AA-A39D-4DEF-A52D-24C15BAB177E}.Release|Any CPU.ActiveCfg = Release|Any CPU
		{0264A7AA-A39D-4DEF-A52D-24C15BAB177E}.Release|Any CPU.Build.0 = Release|Any CPU
	EndGlobalSection
	GlobalSection(SolutionProperties) = preSolution
		HideSolutionNode = FALSE
	EndGlobalSection
	GlobalSection(ExtensibilityGlobals) = postSolution
		SolutionGuid = {6976203B-C205-4630-AD9A-B2C13110E610}
	EndGlobalSection
EndGlobal
